
Microsoft Visual Studio Solution File, Format Version 12.00
# Visual Studio Version 17
VisualStudioVersion = 17.14.37314.3 d17.14
MinimumVisualStudioVersion = 10.0.40219.1
Project("{FAE04EC0-301F-11D3-BF4B-00C04F79EFBC}") = "BlockyArchipelago", "BlockyArchipelago.csproj", "{88B624F5-D7C9-4625-A41C-841D3E2EDDA0}"
EndProject
Global
	GlobalSection(SolutionConfigurationPlatforms) = preSolution
		Debug|Any CPU = Debug|Any CPU
		Release|Any CPU = Release|Any CPU
	EndGlobalSection
	GlobalSection(ProjectConfigurationPlatforms) = postSolution
		{88B624F5-D7C9-4625-A41C-841D3E2EDDA0}.Debug|Any CPU.ActiveCfg = Debug|Any CPU
		{88B624F5-D7C9-4625-A41C-841D3E2EDDA0}.Debug|Any CPU.Build.0 = Debug|Any CPU
		{88B624F5-D7C9-4625-A41C-841D3E2EDDA0}.Release|Any CPU.ActiveCfg = Release|Any CPU
		{88B624F5-D7C9-4625-A41C-841D3E2EDDA0}.Release|Any CPU.Build.0 = Release|Any CPU
	EndGlobalSection
	GlobalSection(SolutionProperties) = preSolution
		HideSolutionNode = FALSE
	EndGlobalSection
	GlobalSection(ExtensibilityGlobals) = postSolution
		SolutionGuid = {E6B11EDC-597B-4D0E-A0A3-F44837FCB73D}
	EndGlobalSection
EndGlobal
